
Microsoft Visual Studio Solution File, Format Version 12.00
# Visual Studio Version 17
VisualStudioVersion = 17.0.31903.59
MinimumVisualStudioVersion = 10.0.40219.1
Project("{FAE04EC0-301F-11D3-BF4B-00C04F79EFBC}") = "infer_onnx", "infer_onnx\infer_onnx.csproj", "{FDD3B36A-50D6-4E06-BBA0-AE3F1F32881D}"
EndProject
Global
	GlobalSection(SolutionConfigurationPlatforms) = preSolution
		Debug|Any CPU = Debug|Any CPU
		Release|Any CPU = Release|Any CPU
	EndGlobalSection
	GlobalSection(SolutionProperties) = preSolution
		HideSolutionNode = FALSE
	EndGlobalSection
	GlobalSection(ProjectConfigurationPlatforms) = postSolution
		{FDD3B36A-50D6-4E06-BBA0-AE3F1F32881D}.Debug|Any CPU.ActiveCfg = Debug|Any CPU
		{FDD3B36A-50D6-4E06-BBA0-AE3F1F32881D}.Debug|Any CPU.Build.0 = Debug|Any CPU
		{FDD3B36A-50D6-4E06-BBA0-AE3F1F32881D}.Release|Any CPU.ActiveCfg = Release|Any CPU
		{FDD3B36A-50D6-4E06-BBA0-AE3F1F32881D}.Release|Any CPU.Build.0 = Release|Any CPU
	EndGlobalSection
EndGlobal
