
Microsoft Visual Studio Solution File, Format Version 12.00
# Visual Studio Version 17
VisualStudioVersion = 17.0.31903.59
MinimumVisualStudioVersion = 10.0.40219.1
Project("{9A19103F-16F7-4668-BE54-9A1E7A4F7556}") = "infer_onnx", "infer_onnx\infer_onnx.csproj", "{FDD3B36A-50D6-4E06-BBA0-AE3F1F32881D}"
EndProject
Project("{FAE04EC0-301F-11D3-BF4B-00C04F79EFBC}") = "GuiExample", "GuiExample\GuiExample.csproj", "{9EA84F50-F200-48D7-8925-853D92CC7C95}"
EndProject
Global
	GlobalSection(SolutionConfigurationPlatforms) = preSolution
		Debug|Any CPU = Debug|Any CPU
		Release|Any CPU = Release|Any CPU
	EndGlobalSection
	GlobalSection(ProjectConfigurationPlatforms) = postSolution
		{FDD3B36A-50D6-4E06-BBA0-AE3F1F32881D}.Debug|Any CPU.ActiveCfg = Debug|Any CPU
		{FDD3B36A-50D6-4E06-BBA0-AE3F1F32881D}.Debug|Any CPU.Build.0 = Debug|Any CPU
		{FDD3B36A-50D6-4E06-BBA0-AE3F1F32881D}.Release|Any CPU.ActiveCfg = Release|Any CPU
		{FDD3B36A-50D6-4E06-BBA0-AE3F1F32881D}.Release|Any CPU.Build.0 = Release|Any CPU
		{9EA84F50-F200-48D7-8925-853D92CC7C95}.Debug|Any CPU.ActiveCfg = Debug|Any CPU
		{9EA84F50-F200-48D7-8925-853D92CC7C95}.Debug|Any CPU.Build.0 = Debug|Any CPU
		{9EA84F50-F200-48D7-8925-853D92CC7C95}.Release|Any CPU.ActiveCfg = Release|Any CPU
		{9EA84F50-F200-48D7-8925-853D92CC7C95}.Release|Any CPU.Build.0 = Release|Any CPU
	EndGlobalSection
	GlobalSection(SolutionProperties) = preSolution
		HideSolutionNode = FALSE
	EndGlobalSection
EndGlobal
